
Microsoft Visual Studio Solution File, Format Version 12.00
# Visual Studio 15
VisualStudioVersion = 15.0.27130.2020
MinimumVisualStudioVersion = 10.0.40219.1
Project("{9A19103F-16F7-4668-BE54-9A1E7A4F7556}") = "MedicalServiceTrip", "MedicalServiceTrip\MedicalServiceTrip.csproj", "{90640787-2540-40A4-8CED-31D7B0A7921F}"
EndProject
Project("{9A19103F-16F7-4668-BE54-9A1E7A4F7556}") = "Data", "Data\Data.csproj", "{2F651194-ED54-4666-808E-D1BA4E6211B2}"
EndProject
Project("{9A19103F-16F7-4668-BE54-9A1E7A4F7556}") = "Core", "Core\Core.csproj", "{8AB52581-0C23-4C50-91C8-435716C78143}"
EndProject
Project("{9A19103F-16F7-4668-BE54-9A1E7A4F7556}") = "Framework", "Framework\Framework.csproj", "{316BA417-37B8-4ABA-95E0-C14D2B9DA386}"
EndProject
Project("{9A19103F-16F7-4668-BE54-9A1E7A4F7556}") = "Service", "Service\Service.csproj", "{57455C04-AD98-4FBA-A88E-27EA5000BDEE}"
EndProject
Global
	GlobalSection(SolutionConfigurationPlatforms) = preSolution
		Debug|Any CPU = Debug|Any CPU
		Release|Any CPU = Release|Any CPU
	EndGlobalSection
	GlobalSection(ProjectConfigurationPlatforms) = postSolution
		{90640787-2540-40A4-8CED-31D7B0A7921F}.Debug|Any CPU.ActiveCfg = Debug|Any CPU
		{90640787-2540-40A4-8CED-31D7B0A7921F}.Debug|Any CPU.Build.0 = Debug|Any CPU
		{90640787-2540-40A4-8CED-31D7B0A7921F}.Release|Any CPU.ActiveCfg = Release|Any CPU
		{90640787-2540-40A4-8CED-31D7B0A7921F}.Release|Any CPU.Build.0 = Release|Any CPU
		{2F651194-ED54-4666-808E-D1BA4E6211B2}.Debug|Any CPU.ActiveCfg = Debug|Any CPU
		{2F651194-ED54-4666-808E-D1BA4E6211B2}.Debug|Any CPU.Build.0 = Debug|Any CPU
		{2F651194-ED54-4666-808E-D1BA4E6211B2}.Release|Any CPU.ActiveCfg = Release|Any CPU
		{2F651194-ED54-4666-808E-D1BA4E6211B2}.Release|Any CPU.Build.0 = Release|Any CPU
		{8AB52581-0C23-4C50-91C8-435716C78143}.Debug|Any CPU.ActiveCfg = Debug|Any CPU
		{8AB52581-0C23-4C50-91C8-435716C78143}.Debug|Any CPU.Build.0 = Debug|Any CPU
		{8AB52581-0C23-4C50-91C8-435716C78143}.Release|Any CPU.ActiveCfg = Release|Any CPU
		{8AB52581-0C23-4C50-91C8-435716C78143}.Release|Any CPU.Build.0 = Release|Any CPU
		{316BA417-37B8-4ABA-95E0-C14D2B9DA386}.Debug|Any CPU.ActiveCfg = Debug|Any CPU
		{316BA417-37B8-4ABA-95E0-C14D2B9DA386}.Debug|Any CPU.Build.0 = Debug|Any CPU
		{316BA417-37B8-4ABA-95E0-C14D2B9DA386}.Release|Any CPU.ActiveCfg = Release|Any CPU
		{316BA417-37B8-4ABA-95E0-C14D2B9DA386}.Release|Any CPU.Build.0 = Release|Any CPU
		{57455C04-AD98-4FBA-A88E-27EA5000BDEE}.Debug|Any CPU.ActiveCfg = Debug|Any CPU
		{57455C04-AD98-4FBA-A88E-27EA5000BDEE}.Debug|Any CPU.Build.0 = Debug|Any CPU
		{57455C04-AD98-4FBA-A88E-27EA5000BDEE}.Release|Any CPU.ActiveCfg = Release|Any CPU
		{57455C04-AD98-4FBA-A88E-27EA5000BDEE}.Release|Any CPU.Build.0 = Release|Any CPU
	EndGlobalSection
	GlobalSection(SolutionProperties) = preSolution
		HideSolutionNode = FALSE
	EndGlobalSection
	GlobalSection(ExtensibilityGlobals) = postSolution
		SolutionGuid = {BFA94C89-64BB-42D5-8E4C-AB24825A316C}
	EndGlobalSection
EndGlobal
